lockfileVersion: '6.0'

settings:
  autoInstallPeers: true
  excludeLinksFromLockfile: false

dependencies:
  '@types/bandagedbd__bdapi':
    specifier: ^1.8.3
    version: 1.8.3
  typescript:
    specifier: ^5.2.2
    version: 5.2.2

packages:

  /@types/bandagedbd__bdapi@1.8.3:
    resolution: {integrity: sha512-8cEdc7VN7LVX91VWlXbavBWXDk8zJjKTAUE/5FbTFnvPH9ZLfutPuHnQ4CdEFyT3QvwW5PKgq1al0v+Y0u6EZw==}
    dependencies:
      '@types/lodash': 4.14.201
      '@types/react': 18.2.37
      '@types/react-dom': 18.2.15
    dev: false

  /@types/lodash@4.14.201:
    resolution: {integrity: sha512-y9euML0cim1JrykNxADLfaG0FgD1g/yTHwUs/Jg9ZIU7WKj2/4IW9Lbb1WZbvck78W/lfGXFfe+u2EGfIJXdLQ==}
    dev: false

  /@types/prop-types@15.7.10:
    resolution: {integrity: sha512-mxSnDQxPqsZxmeShFH+uwQ4kO4gcJcGahjjMFeLbKE95IAZiiZyiEepGZjtXJ7hN/yfu0bu9xN2ajcU0JcxX6A==}
    dev: false

  /@types/react-dom@18.2.15:
    resolution: {integrity: sha512-HWMdW+7r7MR5+PZqJF6YFNSCtjz1T0dsvo/f1BV6HkV+6erD/nA7wd9NM00KVG83zf2nJ7uATPO9ttdIPvi3gg==}
    dependencies:
      '@types/react': 18.2.37
    dev: false

  /@types/react@18.2.37:
    resolution: {integrity: sha512-RGAYMi2bhRgEXT3f4B92WTohopH6bIXw05FuGlmJEnv/omEn190+QYEIYxIAuIBdKgboYYdVved2p1AxZVQnaw==}
    dependencies:
      '@types/prop-types': 15.7.10
      '@types/scheduler': 0.16.6
      csstype: 3.1.2
    dev: false

  /@types/scheduler@0.16.6:
    resolution: {integrity: sha512-Vlktnchmkylvc9SnwwwozTv04L/e1NykF5vgoQ0XTmI8DD+wxfjQuHuvHS3p0r2jz2x2ghPs2h1FVeDirIteWA==}
    dev: false

  /csstype@3.1.2:
    resolution: {integrity: sha512-I7K1Uu0MBPzaFKg4nI5Q7Vs2t+3gWWW648spaF+Rg7pI9ds18Ugn+lvg4SHczUdKlHI5LWBXyqfS8+DufyBsgQ==}
    dev: false

  /typescript@5.2.2:
    resolution: {integrity: sha512-mI4WrpHsbCIcwT9cF4FZvr80QUeKvsUsUvKDoR+X/7XHQH98xYD8YHZg7ANtz2GtZt/CBq2QJ0thkGJMHfqc1w==}
    engines: {node: '>=14.17'}
    hasBin: true
    dev: false
